
Microsoft Visual Studio Solution File, Format Version 12.00
# Visual Studio Version 17
VisualStudioVersion = 17.14.36127.28 d17.14
MinimumVisualStudioVersion = 10.0.40219.1
Project("{FAE04EC0-301F-11D3-BF4B-00C04F79EFBC}") = "PagamentosApp.API", "PagamentosApp.API\PagamentosApp.API.csproj", "{3DF978DD-E3B2-40E6-B365-79D32C08100D}"
EndProject
Project("{2150E333-8FDC-42A3-9474-1A3956D46DE8}") = "Itens de Solução", "Itens de Solução", "{380A7511-A354-6D7A-0CC0-8FA1F1BA7B6C}"
	ProjectSection(SolutionItems) = preProject
		docker-compose.yml = docker-compose.yml
	EndProjectSection
EndProject
Global
	GlobalSection(SolutionConfigurationPlatforms) = preSolution
		Debug|Any CPU = Debug|Any CPU
		Release|Any CPU = Release|Any CPU
	EndGlobalSection
	GlobalSection(ProjectConfigurationPlatforms) = postSolution
		{3DF978DD-E3B2-40E6-B365-79D32C08100D}.Debug|Any CPU.ActiveCfg = Debug|Any CPU
		{3DF978DD-E3B2-40E6-B365-79D32C08100D}.Debug|Any CPU.Build.0 = Debug|Any CPU
		{3DF978DD-E3B2-40E6-B365-79D32C08100D}.Release|Any CPU.ActiveCfg = Release|Any CPU
		{3DF978DD-E3B2-40E6-B365-79D32C08100D}.Release|Any CPU.Build.0 = Release|Any CPU
	EndGlobalSection
	GlobalSection(SolutionProperties) = preSolution
		HideSolutionNode = FALSE
	EndGlobalSection
	GlobalSection(ExtensibilityGlobals) = postSolution
		SolutionGuid = {D840E572-B410-4411-A129-FB439715B26F}
	EndGlobalSection
EndGlobal
